
Microsoft Visual Studio Solution File, Format Version 12.00
# Visual Studio Version 17
VisualStudioVersion = 17.11.35208.52
MinimumVisualStudioVersion = 10.0.40219.1
Project("{FAE04EC0-301F-11D3-BF4B-00C04F79EFBC}") = "WinFormsApp2", "WinFormsApp2\WinFormsApp2.csproj", "{227B0439-CA68-4676-BDE6-B93069DECE8F}"
EndProject
Global
	GlobalSection(SolutionConfigurationPlatforms) = preSolution
		Debug|Any CPU = Debug|Any CPU
		Release|Any CPU = Release|Any CPU
	EndGlobalSection
	GlobalSection(ProjectConfigurationPlatforms) = postSolution
		{227B0439-CA68-4676-BDE6-B93069DECE8F}.Debug|Any CPU.ActiveCfg = Debug|Any CPU
		{227B0439-CA68-4676-BDE6-B93069DECE8F}.Debug|Any CPU.Build.0 = Debug|Any CPU
		{227B0439-CA68-4676-BDE6-B93069DECE8F}.Release|Any CPU.ActiveCfg = Release|Any CPU
		{227B0439-CA68-4676-BDE6-B93069DECE8F}.Release|Any CPU.Build.0 = Release|Any CPU
	EndGlobalSection
	GlobalSection(SolutionProperties) = preSolution
		HideSolutionNode = FALSE
	EndGlobalSection
	GlobalSection(ExtensibilityGlobals) = postSolution
		SolutionGuid = {D1FA3085-5A6D-49E7-A153-AFFE1F35C724}
	EndGlobalSection
EndGlobal
